
Microsoft Visual Studio Solution File, Format Version 12.00
# Visual Studio 15
VisualStudioVersion = 15.0.26124.0
MinimumVisualStudioVersion = 15.0.26124.0
Project("{2150E333-8FDC-42A3-9474-1A3956D46DE8}") = "src", "src", "{8E2E52B8-5CF3-4D74-9EB2-02B7F0533421}"
EndProject
Project("{FAE04EC0-301F-11D3-BF4B-00C04F79EFBC}") = "SimpleAPI", "src\SimpleAPI\SimpleAPI.csproj", "{B4675897-BC60-469A-A642-1ACFC9F62329}"
EndProject
Project("{2150E333-8FDC-42A3-9474-1A3956D46DE8}") = "test", "test", "{CF2A9C04-C0D2-4BB9-8883-114AE97DBBD2}"
EndProject
Project("{FAE04EC0-301F-11D3-BF4B-00C04F79EFBC}") = "SimpleAPI.Test", "test\SimpleAPI.Test\SimpleAPI.Test.csproj", "{3D6072EF-5E07-4C09-B2D8-87481A78B494}"
EndProject
Global
	GlobalSection(SolutionConfigurationPlatforms) = preSolution
		Debug|Any CPU = Debug|Any CPU
		Debug|x64 = Debug|x64
		Debug|x86 = Debug|x86
		Release|Any CPU = Release|Any CPU
		Release|x64 = Release|x64
		Release|x86 = Release|x86
	EndGlobalSection
	GlobalSection(SolutionProperties) = preSolution
		HideSolutionNode = FALSE
	EndGlobalSection
	GlobalSection(ProjectConfigurationPlatforms) = postSolution
		{B4675897-BC60-469A-A642-1ACFC9F62329}.Debug|Any CPU.ActiveCfg = Debug|Any CPU
		{B4675897-BC60-469A-A642-1ACFC9F62329}.Debug|Any CPU.Build.0 = Debug|Any CPU
		{B4675897-BC60-469A-A642-1ACFC9F62329}.Debug|x64.ActiveCfg = Debug|Any CPU
		{B4675897-BC60-469A-A642-1ACFC9F62329}.Debug|x64.Build.0 = Debug|Any CPU
		{B4675897-BC60-469A-A642-1ACFC9F62329}.Debug|x86.ActiveCfg = Debug|Any CPU
		{B4675897-BC60-469A-A642-1ACFC9F62329}.Debug|x86.Build.0 = Debug|Any CPU
		{B4675897-BC60-469A-A642-1ACFC9F62329}.Release|Any CPU.ActiveCfg = Release|Any CPU
		{B4675897-BC60-469A-A642-1ACFC9F62329}.Release|Any CPU.Build.0 = Release|Any CPU
		{B4675897-BC60-469A-A642-1ACFC9F62329}.Release|x64.ActiveCfg = Release|Any CPU
		{B4675897-BC60-469A-A642-1ACFC9F62329}.Release|x64.Build.0 = Release|Any CPU
		{B4675897-BC60-469A-A642-1ACFC9F62329}.Release|x86.ActiveCfg = Release|Any CPU
		{B4675897-BC60-469A-A642-1ACFC9F62329}.Release|x86.Build.0 = Release|Any CPU
		{3D6072EF-5E07-4C09-B2D8-87481A78B494}.Debug|Any CPU.ActiveCfg = Debug|Any CPU
		{3D6072EF-5E07-4C09-B2D8-87481A78B494}.Debug|Any CPU.Build.0 = Debug|Any CPU
		{3D6072EF-5E07-4C09-B2D8-87481A78B494}.Debug|x64.ActiveCfg = Debug|Any CPU
		{3D6072EF-5E07-4C09-B2D8-87481A78B494}.Debug|x64.Build.0 = Debug|Any CPU
		{3D6072EF-5E07-4C09-B2D8-87481A78B494}.Debug|x86.ActiveCfg = Debug|Any CPU
		{3D6072EF-5E07-4C09-B2D8-87481A78B494}.Debug|x86.Build.0 = Debug|Any CPU
		{3D6072EF-5E07-4C09-B2D8-87481A78B494}.Release|Any CPU.ActiveCfg = Release|Any CPU
		{3D6072EF-5E07-4C09-B2D8-87481A78B494}.Release|Any CPU.Build.0 = Release|Any CPU
		{3D6072EF-5E07-4C09-B2D8-87481A78B494}.Release|x64.ActiveCfg = Release|Any CPU
		{3D6072EF-5E07-4C09-B2D8-87481A78B494}.Release|x64.Build.0 = Release|Any CPU
		{3D6072EF-5E07-4C09-B2D8-87481A78B494}.Release|x86.ActiveCfg = Release|Any CPU
		{3D6072EF-5E07-4C09-B2D8-87481A78B494}.Release|x86.Build.0 = Release|Any CPU
	EndGlobalSection
	GlobalSection(NestedProjects) = preSolution
		{B4675897-BC60-469A-A642-1ACFC9F62329} = {8E2E52B8-5CF3-4D74-9EB2-02B7F0533421}
		{3D6072EF-5E07-4C09-B2D8-87481A78B494} = {CF2A9C04-C0D2-4BB9-8883-114AE97DBBD2}
	EndGlobalSection
EndGlobal
